Microsoft Visual Studio Solution File, Format Version 12.00
# Visual Studio Version 16
VisualStudioVersion = 16.0.29926.136
MinimumVisualStudioVersion = 10.0.40219.1
Project("{FAE04EC0-301F-11D3-BF4B-00C04F79EFBC}") = "AwesomeApp.Android", "AwesomeApp.Android\AwesomeApp.Android.csproj", "{06B9AE83-7F44-4866-B8BD-5503FD11143D}"
EndProject
Project("{FAE04EC0-301F-11D3-BF4B-00C04F79EFBC}") = "AwesomeApp.iOS", "AwesomeApp.iOS\AwesomeApp.iOS.csproj", "{75FE966E-077A-4E6B-B500-25AFCC5B491F}"
EndProject
Project("{9A19103F-16F7-4668-BE54-9A1E7A4F7556}") = "AwesomeApp", "AwesomeApp\AwesomeApp.csproj", "{6BB76F77-133A-498F-B5D8-6BE5A6581CDA}"
EndProject
Global
	GlobalSection(SolutionConfigurationPlatforms) = preSolution
		Debug|Any CPU = Debug|Any CPU
		Debug|iPhone = Debug|iPhone
		Debug|iPhoneSimulator = Debug|iPhoneSimulator
		Release|Any CPU = Release|Any CPU
		Release|iPhone = Release|iPhone
		Release|iPhoneSimulator = Release|iPhoneSimulator
	EndGlobalSection
	GlobalSection(ProjectConfigurationPlatforms) = postSolution
		{06B9AE83-7F44-4866-B8BD-5503FD11143D}.Debug|Any CPU.ActiveCfg = Debug|Any CPU
		{06B9AE83-7F44-4866-B8BD-5503FD11143D}.Debug|Any CPU.Build.0 = Debug|Any CPU
		{06B9AE83-7F44-4866-B8BD-5503FD11143D}.Debug|Any CPU.Deploy.0 = Debug|Any CPU
		{06B9AE83-7F44-4866-B8BD-5503FD11143D}.Debug|iPhone.ActiveCfg = Debug|Any CPU
		{06B9AE83-7F44-4866-B8BD-5503FD11143D}.Debug|iPhone.Build.0 = Debug|Any CPU
		{06B9AE83-7F44-4866-B8BD-5503FD11143D}.Debug|iPhoneSimulator.ActiveCfg = Debug|Any CPU
		{06B9AE83-7F44-4866-B8BD-5503FD11143D}.Debug|iPhoneSimulator.Build.0 = Debug|Any CPU
		{06B9AE83-7F44-4866-B8BD-5503FD11143D}.Release|Any CPU.ActiveCfg = Release|Any CPU
		{06B9AE83-7F44-4866-B8BD-5503FD11143D}.Release|Any CPU.Build.0 = Release|Any CPU
		{06B9AE83-7F44-4866-B8BD-5503FD11143D}.Release|iPhone.ActiveCfg = Release|Any CPU
		{06B9AE83-7F44-4866-B8BD-5503FD11143D}.Release|iPhone.Build.0 = Release|Any CPU
		{06B9AE83-7F44-4866-B8BD-5503FD11143D}.Release|iPhoneSimulator.ActiveCfg = Release|Any CPU
		{06B9AE83-7F44-4866-B8BD-5503FD11143D}.Release|iPhoneSimulator.Build.0 = Release|Any CPU
		{75FE966E-077A-4E6B-B500-25AFCC5B491F}.Debug|Any CPU.ActiveCfg = Debug|iPhoneSimulator
		{75FE966E-077A-4E6B-B500-25AFCC5B491F}.Debug|Any CPU.Build.0 = Debug|iPhoneSimulator
		{75FE966E-077A-4E6B-B500-25AFCC5B491F}.Debug|iPhone.ActiveCfg = Debug|iPhone
		{75FE966E-077A-4E6B-B500-25AFCC5B491F}.Debug|iPhone.Build.0 = Debug|iPhone
		{75FE966E-077A-4E6B-B500-25AFCC5B491F}.Debug|iPhoneSimulator.ActiveCfg = Debug|iPhoneSimulator
		{75FE966E-077A-4E6B-B500-25AFCC5B491F}.Debug|iPhoneSimulator.Build.0 = Debug|iPhoneSimulator
		{75FE966E-077A-4E6B-B500-25AFCC5B491F}.Release|Any CPU.ActiveCfg = Release|iPhoneSimulator
		{75FE966E-077A-4E6B-B500-25AFCC5B491F}.Release|Any CPU.Build.0 = Release|iPhoneSimulator
		{75FE966E-077A-4E6B-B500-25AFCC5B491F}.Release|iPhone.ActiveCfg = Release|iPhone
		{75FE966E-077A-4E6B-B500-25AFCC5B491F}.Release|iPhone.Build.0 = Release|iPhone
		{75FE966E-077A-4E6B-B500-25AFCC5B491F}.Release|iPhoneSimulator.ActiveCfg = Release|iPhoneSimulator
		{75FE966E-077A-4E6B-B500-25AFCC5B491F}.Release|iPhoneSimulator.Build.0 = Release|iPhoneSimulator
		{6BB76F77-133A-498F-B5D8-6BE5A6581CDA}.Debug|Any CPU.ActiveCfg = Debug|Any CPU
		{6BB76F77-133A-498F-B5D8-6BE5A6581CDA}.Debug|Any CPU.Build.0 = Debug|Any CPU
		{6BB76F77-133A-498F-B5D8-6BE5A6581CDA}.Debug|iPhone.ActiveCfg = Debug|Any CPU
		{6BB76F77-133A-498F-B5D8-6BE5A6581CDA}.Debug|iPhone.Build.0 = Debug|Any CPU
		{6BB76F77-133A-498F-B5D8-6BE5A6581CDA}.Debug|iPhoneSimulator.ActiveCfg = Debug|Any CPU
		{6BB76F77-133A-498F-B5D8-6BE5A6581CDA}.Debug|iPhoneSimulator.Build.0 = Debug|Any CPU
		{6BB76F77-133A-498F-B5D8-6BE5A6581CDA}.Release|Any CPU.ActiveCfg = Release|Any CPU
		{6BB76F77-133A-498F-B5D8-6BE5A6581CDA}.Release|Any CPU.Build.0 = Release|Any CPU
		{6BB76F77-133A-498F-B5D8-6BE5A6581CDA}.Release|iPhone.ActiveCfg = Release|Any CPU
		{6BB76F77-133A-498F-B5D8-6BE5A6581CDA}.Release|iPhone.Build.0 = Release|Any CPU
		{6BB76F77-133A-498F-B5D8-6BE5A6581CDA}.Release|iPhoneSimulator.ActiveCfg = Release|Any CPU
		{6BB76F77-133A-498F-B5D8-6BE5A6581CDA}.Release|iPhoneSimulator.Build.0 = Release|Any CPU
	EndGlobalSection
	GlobalSection(SolutionProperties) = preSolution
		HideSolutionNode = FALSE
	EndGlobalSection
	GlobalSection(ExtensibilityGlobals) = postSolution
		SolutionGuid = {5D91D4AB-9981-4C37-9EC7-F2377A7DD2B3}
	EndGlobalSection
EndGlobal
